
Microsoft Visual Studio Solution File, Format Version 12.00
# Visual Studio Version 17
VisualStudioVersion = 17.0.31903.59
MinimumVisualStudioVersion = 10.0.40219.1
Project("{FAE04EC0-301F-11D3-BF4B-00C04F79EFBC}") = "HmiTesting.OpcUa", "src\HmiTesting.OpcUa\HmiTesting.OpcUa.csproj", "{D332DE4B-DB49-42C2-8391-F0026F8989A1}"
EndProject
Project("{FAE04EC0-301F-11D3-BF4B-00C04F79EFBC}") = "HmiTesting.Web.Navigation", "src\HmiTesting.Web.Navigation\HmiTesting.Web.Navigation.csproj", "{7F5F7091-DF75-40FF-90D6-0865DA969EC7}"
EndProject
Project("{FAE04EC0-301F-11D3-BF4B-00C04F79EFBC}") = "HmiTesting.Web.Pages", "src\HmiTesting.Web.Pages\HmiTesting.Web.Pages.csproj", "{AEC19758-ECFE-4E58-AA91-05709338220F}"
EndProject
Project("{FAE04EC0-301F-11D3-BF4B-00C04F79EFBC}") = "HmiTesting.Web.Components", "src\HmiTesting.Web.Components\HmiTesting.Web.Components.csproj", "{F77658B9-95C7-41EA-9F9E-324C19A4A94E}"
EndProject
Project("{FAE04EC0-301F-11D3-BF4B-00C04F79EFBC}") = "HmiTesting.Core", "src\HmiTesting.Core\HmiTesting.Core.csproj", "{69E331F8-D9C8-48D0-AB83-E91D63076C80}"
EndProject
Project("{FAE04EC0-301F-11D3-BF4B-00C04F79EFBC}") = "HmiTesting.PlaywrightTests", "HmiTesting.PlaywrightTests\HmiTesting.PlaywrightTests.csproj", "{019681E0-75E9-4F2A-AFEB-A6E97B7E7ACE}"
EndProject
Global
	GlobalSection(SolutionConfigurationPlatforms) = preSolution
		Debug|Any CPU = Debug|Any CPU
		Release|Any CPU = Release|Any CPU
	EndGlobalSection
	GlobalSection(SolutionProperties) = preSolution
		HideSolutionNode = FALSE
	EndGlobalSection
	GlobalSection(ProjectConfigurationPlatforms) = postSolution
		{D332DE4B-DB49-42C2-8391-F0026F8989A1}.Debug|Any CPU.ActiveCfg = Debug|Any CPU
		{D332DE4B-DB49-42C2-8391-F0026F8989A1}.Debug|Any CPU.Build.0 = Debug|Any CPU
		{D332DE4B-DB49-42C2-8391-F0026F8989A1}.Release|Any CPU.ActiveCfg = Release|Any CPU
		{D332DE4B-DB49-42C2-8391-F0026F8989A1}.Release|Any CPU.Build.0 = Release|Any CPU
		{7F5F7091-DF75-40FF-90D6-0865DA969EC7}.Debug|Any CPU.ActiveCfg = Debug|Any CPU
		{7F5F7091-DF75-40FF-90D6-0865DA969EC7}.Debug|Any CPU.Build.0 = Debug|Any CPU
		{7F5F7091-DF75-40FF-90D6-0865DA969EC7}.Release|Any CPU.ActiveCfg = Release|Any CPU
		{7F5F7091-DF75-40FF-90D6-0865DA969EC7}.Release|Any CPU.Build.0 = Release|Any CPU
		{AEC19758-ECFE-4E58-AA91-05709338220F}.Debug|Any CPU.ActiveCfg = Debug|Any CPU
		{AEC19758-ECFE-4E58-AA91-05709338220F}.Debug|Any CPU.Build.0 = Debug|Any CPU
		{AEC19758-ECFE-4E58-AA91-05709338220F}.Release|Any CPU.ActiveCfg = Release|Any CPU
		{AEC19758-ECFE-4E58-AA91-05709338220F}.Release|Any CPU.Build.0 = Release|Any CPU
		{F77658B9-95C7-41EA-9F9E-324C19A4A94E}.Debug|Any CPU.ActiveCfg = Debug|Any CPU
		{F77658B9-95C7-41EA-9F9E-324C19A4A94E}.Debug|Any CPU.Build.0 = Debug|Any CPU
		{F77658B9-95C7-41EA-9F9E-324C19A4A94E}.Release|Any CPU.ActiveCfg = Release|Any CPU
		{F77658B9-95C7-41EA-9F9E-324C19A4A94E}.Release|Any CPU.Build.0 = Release|Any CPU
		{69E331F8-D9C8-48D0-AB83-E91D63076C80}.Debug|Any CPU.ActiveCfg = Debug|Any CPU
		{69E331F8-D9C8-48D0-AB83-E91D63076C80}.Debug|Any CPU.Build.0 = Debug|Any CPU
		{69E331F8-D9C8-48D0-AB83-E91D63076C80}.Release|Any CPU.ActiveCfg = Release|Any CPU
		{69E331F8-D9C8-48D0-AB83-E91D63076C80}.Release|Any CPU.Build.0 = Release|Any CPU
		{019681E0-75E9-4F2A-AFEB-A6E97B7E7ACE}.Debug|Any CPU.ActiveCfg = Debug|Any CPU
		{019681E0-75E9-4F2A-AFEB-A6E97B7E7ACE}.Debug|Any CPU.Build.0 = Debug|Any CPU
		{019681E0-75E9-4F2A-AFEB-A6E97B7E7ACE}.Release|Any CPU.ActiveCfg = Release|Any CPU
		{019681E0-75E9-4F2A-AFEB-A6E97B7E7ACE}.Release|Any CPU.Build.0 = Release|Any CPU
	EndGlobalSection
EndGlobal
